
Microsoft Visual Studio Solution File, Format Version 12.00
# Visual Studio 15
VisualStudioVersion = 15.0.28010.2026
MinimumVisualStudioVersion = 10.0.40219.1
Project("{FAE04EC0-301F-11D3-BF4B-00C04F79EFBC}") = "SuperScanning.WPFClient", "SuperScanning.WPFClient\SuperScanning.WPFClient.csproj", "{35647C2E-C6BF-4C43-B8F2-CEA1338D0978}"
EndProject
Project("{FAE04EC0-301F-11D3-BF4B-00C04F79EFBC}") = "SuperScanning.Core.Device", "SuperScanning.Core.Device\SuperScanning.Core.Device.csproj", "{8FE38A7D-6A58-4613-9CF1-AC93CC0E1B04}"
EndProject
Project("{FAE04EC0-301F-11D3-BF4B-00C04F79EFBC}") = "SuperScanning.ModuleInterface", "SuperScanning.ModuleInterface\SuperScanning.ModuleInterface.csproj", "{95EBAEF6-50EE-42AB-8398-2176EDDC6431}"
EndProject
Project("{FAE04EC0-301F-11D3-BF4B-00C04F79EFBC}") = "SuperHero.Infrastructure.Util", "SuperHero.Infrastructure.Util\SuperHero.Infrastructure.Util.csproj", "{91297B28-F63E-4809-9567-D8CEA4DB6C26}"
EndProject
Project("{FAE04EC0-301F-11D3-BF4B-00C04F79EFBC}") = "SuperScanning.Core.Device.ScanStructData", "SuperScanning.Core.Device.ScanStructData\SuperScanning.Core.Device.ScanStructData.csproj", "{7E6CBB71-A3C8-4218-9A9D-CF791E29FD9F}"
EndProject
Project("{FAE04EC0-301F-11D3-BF4B-00C04F79EFBC}") = "SuperHero.Parent", "SuperHero.Parent\SuperHero.Parent.csproj", "{DE219F49-E77E-40A4-B371-34BEA388E68D}"
EndProject
Project("{FAE04EC0-301F-11D3-BF4B-00C04F79EFBC}") = "SuperScanning.Core", "SuperScanning.Core\SuperScanning.Core.csproj", "{10C0F173-584C-4899-A22B-7D1DF28F1915}"
EndProject
Project("{FAE04EC0-301F-11D3-BF4B-00C04F79EFBC}") = "SuperScanning.Core.Db", "SuperScanning.Core.Db\SuperScanning.Core.Db.csproj", "{E5EF20F8-D3A9-48E7-9359-1E1299713941}"
EndProject
Project("{FAE04EC0-301F-11D3-BF4B-00C04F79EFBC}") = "SuperScanning.Logger", "SuperScanning.Logger\SuperScanning.Logger.csproj", "{289BF162-2D29-4E1C-8432-F3D5320A60B0}"
EndProject
Project("{2150E333-8FDC-42A3-9474-1A3956D46DE8}") = "Core", "Core", "{2AF02C0B-3DE1-4EEF-B443-6AF4EDF17B29}"
EndProject
Project("{2150E333-8FDC-42A3-9474-1A3956D46DE8}") = "Common", "Common", "{D134BD3D-8420-4143-89CE-9917A05B7809}"
EndProject
Project("{2150E333-8FDC-42A3-9474-1A3956D46DE8}") = "Golbal", "Golbal", "{795FB329-39B7-404E-BEFE-988DBE3249E4}"
EndProject
Project("{2150E333-8FDC-42A3-9474-1A3956D46DE8}") = "UI", "UI", "{C52D7FE9-BA16-4A92-AC83-D89EF9D07A6A}"
EndProject
Project("{FAE04EC0-301F-11D3-BF4B-00C04F79EFBC}") = "SuperScanning.DataModel", "SuperScanning.DataModel\SuperScanning.DataModel.csproj", "{29E5BD58-4D09-4731-91FA-F0BE99AA1718}"
EndProject
Project("{2150E333-8FDC-42A3-9474-1A3956D46DE8}") = "Service", "Service", "{95D176B5-05B3-401F-899F-8FB204FD2A8C}"
EndProject
Project("{FAE04EC0-301F-11D3-BF4B-00C04F79EFBC}") = "SuperScanning.BusinessService", "SuperScanning.BusinessService\SuperScanning.BusinessService.csproj", "{622AB039-100E-47F4-8E6F-38D664C48624}"
EndProject
Project("{2150E333-8FDC-42A3-9474-1A3956D46DE8}") = "Test", "Test", "{5FB70D89-26F4-4567-9FC2-4FAFA60DC9F2}"
EndProject
Project("{FAE04EC0-301F-11D3-BF4B-00C04F79EFBC}") = "ConsoleTest", "ConsoleTest\ConsoleTest.csproj", "{052D350A-C0A3-4096-885E-DA7CE1C10612}"
EndProject
Project("{2150E333-8FDC-42A3-9474-1A3956D46DE8}") = "Model", "Model", "{D2AF6F1B-C307-40B9-AEED-DF54D4EA9D15}"
EndProject
Project("{FAE04EC0-301F-11D3-BF4B-00C04F79EFBC}") = "SuperScanning.Model", "SuperScanning.Model\SuperScanning.Model.csproj", "{22699827-ED78-4E0F-8A99-F52F0A46B679}"
EndProject
Project("{FAE04EC0-301F-11D3-BF4B-00C04F79EFBC}") = "SuperScanning.Cache", "SuperScanning.Cache\SuperScanning.Cache.csproj", "{FAAE53B5-5A53-491E-AF2C-4EA17484028D}"
EndProject
Project("{FAE04EC0-301F-11D3-BF4B-00C04F79EFBC}") = "HangfireTest", "HangfireTest\HangfireTest.csproj", "{5EC1EE47-4728-48C3-81A7-576D8BC26085}"
EndProject
Project("{FAE04EC0-301F-11D3-BF4B-00C04F79EFBC}") = "SuperScanning.Core.API", "SuperScanning.Core.API\SuperScanning.Core.API.csproj", "{207E2604-0A98-4C16-AB10-588475E51082}"
EndProject
Project("{FAE04EC0-301F-11D3-BF4B-00C04F79EFBC}") = "SuperScanning.Interceptor", "SuperScanning.Interceptor\SuperScanning.Interceptor.csproj", "{7902F648-2FA9-407A-8411-A7CC7A8711D7}"
EndProject
Global
	GlobalSection(SolutionConfigurationPlatforms) = preSolution
		Debug|Any CPU = Debug|Any CPU
		Debug|x86 = Debug|x86
		Release|Any CPU = Release|Any CPU
		Release|x86 = Release|x86
		x86|Any CPU = x86|Any CPU
		x86|x86 = x86|x86
	EndGlobalSection
	GlobalSection(ProjectConfigurationPlatforms) = postSolution
		{35647C2E-C6BF-4C43-B8F2-CEA1338D0978}.Debug|Any CPU.ActiveCfg = Debug|Any CPU
		{35647C2E-C6BF-4C43-B8F2-CEA1338D0978}.Debug|Any CPU.Build.0 = Debug|Any CPU
		{35647C2E-C6BF-4C43-B8F2-CEA1338D0978}.Debug|x86.ActiveCfg = Debug|Any CPU
		{35647C2E-C6BF-4C43-B8F2-CEA1338D0978}.Debug|x86.Build.0 = Debug|Any CPU
		{35647C2E-C6BF-4C43-B8F2-CEA1338D0978}.Release|Any CPU.ActiveCfg = Release|Any CPU
		{35647C2E-C6BF-4C43-B8F2-CEA1338D0978}.Release|Any CPU.Build.0 = Release|Any CPU
		{35647C2E-C6BF-4C43-B8F2-CEA1338D0978}.Release|x86.ActiveCfg = Release|x86
		{35647C2E-C6BF-4C43-B8F2-CEA1338D0978}.Release|x86.Build.0 = Release|x86
		{35647C2E-C6BF-4C43-B8F2-CEA1338D0978}.x86|Any CPU.ActiveCfg = x86|Any CPU
		{35647C2E-C6BF-4C43-B8F2-CEA1338D0978}.x86|Any CPU.Build.0 = x86|Any CPU
		{35647C2E-C6BF-4C43-B8F2-CEA1338D0978}.x86|x86.ActiveCfg = x86|x86
		{35647C2E-C6BF-4C43-B8F2-CEA1338D0978}.x86|x86.Build.0 = x86|x86
		{8FE38A7D-6A58-4613-9CF1-AC93CC0E1B04}.Debug|Any CPU.ActiveCfg = Debug|Any CPU
		{8FE38A7D-6A58-4613-9CF1-AC93CC0E1B04}.Debug|Any CPU.Build.0 = Debug|Any CPU
		{8FE38A7D-6A58-4613-9CF1-AC93CC0E1B04}.Debug|x86.ActiveCfg = Debug|x86
		{8FE38A7D-6A58-4613-9CF1-AC93CC0E1B04}.Debug|x86.Build.0 = Debug|x86
		{8FE38A7D-6A58-4613-9CF1-AC93CC0E1B04}.Release|Any CPU.ActiveCfg = Release|Any CPU
		{8FE38A7D-6A58-4613-9CF1-AC93CC0E1B04}.Release|Any CPU.Build.0 = Release|Any CPU
		{8FE38A7D-6A58-4613-9CF1-AC93CC0E1B04}.Release|x86.ActiveCfg = Release|x86
		{8FE38A7D-6A58-4613-9CF1-AC93CC0E1B04}.Release|x86.Build.0 = Release|x86
		{8FE38A7D-6A58-4613-9CF1-AC93CC0E1B04}.x86|Any CPU.ActiveCfg = x86|Any CPU
		{8FE38A7D-6A58-4613-9CF1-AC93CC0E1B04}.x86|Any CPU.Build.0 = x86|Any CPU
		{8FE38A7D-6A58-4613-9CF1-AC93CC0E1B04}.x86|x86.ActiveCfg = x86|x86
		{8FE38A7D-6A58-4613-9CF1-AC93CC0E1B04}.x86|x86.Build.0 = x86|x86
		{95EBAEF6-50EE-42AB-8398-2176EDDC6431}.Debug|Any CPU.ActiveCfg = Debug|Any CPU
		{95EBAEF6-50EE-42AB-8398-2176EDDC6431}.Debug|Any CPU.Build.0 = Debug|Any CPU
		{95EBAEF6-50EE-42AB-8398-2176EDDC6431}.Debug|x86.ActiveCfg = Debug|Any CPU
		{95EBAEF6-50EE-42AB-8398-2176EDDC6431}.Debug|x86.Build.0 = Debug|Any CPU
		{95EBAEF6-50EE-42AB-8398-2176EDDC6431}.Release|Any CPU.ActiveCfg = Release|Any CPU
		{95EBAEF6-50EE-42AB-8398-2176EDDC6431}.Release|Any CPU.Build.0 = Release|Any CPU
		{95EBAEF6-50EE-42AB-8398-2176EDDC6431}.Release|x86.ActiveCfg = Release|x86
		{95EBAEF6-50EE-42AB-8398-2176EDDC6431}.Release|x86.Build.0 = Release|x86
		{95EBAEF6-50EE-42AB-8398-2176EDDC6431}.x86|Any CPU.ActiveCfg = x86|Any CPU
		{95EBAEF6-50EE-42AB-8398-2176EDDC6431}.x86|Any CPU.Build.0 = x86|Any CPU
		{95EBAEF6-50EE-42AB-8398-2176EDDC6431}.x86|x86.ActiveCfg = x86|x86
		{95EBAEF6-50EE-42AB-8398-2176EDDC6431}.x86|x86.Build.0 = x86|x86
		{91297B28-F63E-4809-9567-D8CEA4DB6C26}.Debug|Any CPU.ActiveCfg = Debug|Any CPU
		{91297B28-F63E-4809-9567-D8CEA4DB6C26}.Debug|Any CPU.Build.0 = Debug|Any CPU
		{91297B28-F63E-4809-9567-D8CEA4DB6C26}.Debug|x86.ActiveCfg = Debug|Any CPU
		{91297B28-F63E-4809-9567-D8CEA4DB6C26}.Debug|x86.Build.0 = Debug|Any CPU
		{91297B28-F63E-4809-9567-D8CEA4DB6C26}.Release|Any CPU.ActiveCfg = Release|Any CPU
		{91297B28-F63E-4809-9567-D8CEA4DB6C26}.Release|Any CPU.Build.0 = Release|Any CPU
		{91297B28-F63E-4809-9567-D8CEA4DB6C26}.Release|x86.ActiveCfg = Release|x86
		{91297B28-F63E-4809-9567-D8CEA4DB6C26}.Release|x86.Build.0 = Release|x86
		{91297B28-F63E-4809-9567-D8CEA4DB6C26}.x86|Any CPU.ActiveCfg = x86|Any CPU
		{91297B28-F63E-4809-9567-D8CEA4DB6C26}.x86|Any CPU.Build.0 = x86|Any CPU
		{91297B28-F63E-4809-9567-D8CEA4DB6C26}.x86|x86.ActiveCfg = x86|x86
		{91297B28-F63E-4809-9567-D8CEA4DB6C26}.x86|x86.Build.0 = x86|x86
		{7E6CBB71-A3C8-4218-9A9D-CF791E29FD9F}.Debug|Any CPU.ActiveCfg = Debug|Any CPU
		{7E6CBB71-A3C8-4218-9A9D-CF791E29FD9F}.Debug|Any CPU.Build.0 = Debug|Any CPU
		{7E6CBB71-A3C8-4218-9A9D-CF791E29FD9F}.Debug|x86.ActiveCfg = Debug|x86
		{7E6CBB71-A3C8-4218-9A9D-CF791E29FD9F}.Debug|x86.Build.0 = Debug|x86
		{7E6CBB71-A3C8-4218-9A9D-CF791E29FD9F}.Release|Any CPU.ActiveCfg = Release|Any CPU
		{7E6CBB71-A3C8-4218-9A9D-CF791E29FD9F}.Release|Any CPU.Build.0 = Release|Any CPU
		{7E6CBB71-A3C8-4218-9A9D-CF791E29FD9F}.Release|x86.ActiveCfg = Release|x86
		{7E6CBB71-A3C8-4218-9A9D-CF791E29FD9F}.Release|x86.Build.0 = Release|x86
		{7E6CBB71-A3C8-4218-9A9D-CF791E29FD9F}.x86|Any CPU.ActiveCfg = x86|Any CPU
		{7E6CBB71-A3C8-4218-9A9D-CF791E29FD9F}.x86|Any CPU.Build.0 = x86|Any CPU
		{7E6CBB71-A3C8-4218-9A9D-CF791E29FD9F}.x86|x86.ActiveCfg = x86|x86
		{7E6CBB71-A3C8-4218-9A9D-CF791E29FD9F}.x86|x86.Build.0 = x86|x86
		{DE219F49-E77E-40A4-B371-34BEA388E68D}.Debug|Any CPU.ActiveCfg = Debug|Any CPU
		{DE219F49-E77E-40A4-B371-34BEA388E68D}.Debug|Any CPU.Build.0 = Debug|Any CPU
		{DE219F49-E77E-40A4-B371-34BEA388E68D}.Debug|x86.ActiveCfg = Debug|Any CPU
		{DE219F49-E77E-40A4-B371-34BEA388E68D}.Debug|x86.Build.0 = Debug|Any CPU
		{DE219F49-E77E-40A4-B371-34BEA388E68D}.Release|Any CPU.ActiveCfg = Release|Any CPU
		{DE219F49-E77E-40A4-B371-34BEA388E68D}.Release|Any CPU.Build.0 = Release|Any CPU
		{DE219F49-E77E-40A4-B371-34BEA388E68D}.Release|x86.ActiveCfg = Release|x86
		{DE219F49-E77E-40A4-B371-34BEA388E68D}.Release|x86.Build.0 = Release|x86
		{DE219F49-E77E-40A4-B371-34BEA388E68D}.x86|Any CPU.ActiveCfg = x86|Any CPU
		{DE219F49-E77E-40A4-B371-34BEA388E68D}.x86|Any CPU.Build.0 = x86|Any CPU
		{DE219F49-E77E-40A4-B371-34BEA388E68D}.x86|x86.ActiveCfg = x86|x86
		{DE219F49-E77E-40A4-B371-34BEA388E68D}.x86|x86.Build.0 = x86|x86
		{10C0F173-584C-4899-A22B-7D1DF28F1915}.Debug|Any CPU.ActiveCfg = Debug|Any CPU
		{10C0F173-584C-4899-A22B-7D1DF28F1915}.Debug|Any CPU.Build.0 = Debug|Any CPU
		{10C0F173-584C-4899-A22B-7D1DF28F1915}.Debug|x86.ActiveCfg = Debug|Any CPU
		{10C0F173-584C-4899-A22B-7D1DF28F1915}.Debug|x86.Build.0 = Debug|Any CPU
		{10C0F173-584C-4899-A22B-7D1DF28F1915}.Release|Any CPU.ActiveCfg = Release|Any CPU
		{10C0F173-584C-4899-A22B-7D1DF28F1915}.Release|Any CPU.Build.0 = Release|Any CPU
		{10C0F173-584C-4899-A22B-7D1DF28F1915}.Release|x86.ActiveCfg = Release|Any CPU
		{10C0F173-584C-4899-A22B-7D1DF28F1915}.Release|x86.Build.0 = Release|Any CPU
		{10C0F173-584C-4899-A22B-7D1DF28F1915}.x86|Any CPU.ActiveCfg = Release|Any CPU
		{10C0F173-584C-4899-A22B-7D1DF28F1915}.x86|Any CPU.Build.0 = Release|Any CPU
		{10C0F173-584C-4899-A22B-7D1DF28F1915}.x86|x86.ActiveCfg = Release|Any CPU
		{10C0F173-584C-4899-A22B-7D1DF28F1915}.x86|x86.Build.0 = Release|Any CPU
		{E5EF20F8-D3A9-48E7-9359-1E1299713941}.Debug|Any CPU.ActiveCfg = Debug|Any CPU
		{E5EF20F8-D3A9-48E7-9359-1E1299713941}.Debug|Any CPU.Build.0 = Debug|Any CPU
		{E5EF20F8-D3A9-48E7-9359-1E1299713941}.Debug|x86.ActiveCfg = Debug|Any CPU
		{E5EF20F8-D3A9-48E7-9359-1E1299713941}.Debug|x86.Build.0 = Debug|Any CPU
		{E5EF20F8-D3A9-48E7-9359-1E1299713941}.Release|Any CPU.ActiveCfg = Release|Any CPU
		{E5EF20F8-D3A9-48E7-9359-1E1299713941}.Release|Any CPU.Build.0 = Release|Any CPU
		{E5EF20F8-D3A9-48E7-9359-1E1299713941}.Release|x86.ActiveCfg = Release|Any CPU
		{E5EF20F8-D3A9-48E7-9359-1E1299713941}.Release|x86.Build.0 = Release|Any CPU
		{E5EF20F8-D3A9-48E7-9359-1E1299713941}.x86|Any CPU.ActiveCfg = Release|Any CPU
		{E5EF20F8-D3A9-48E7-9359-1E1299713941}.x86|Any CPU.Build.0 = Release|Any CPU
		{E5EF20F8-D3A9-48E7-9359-1E1299713941}.x86|x86.ActiveCfg = Release|Any CPU
		{E5EF20F8-D3A9-48E7-9359-1E1299713941}.x86|x86.Build.0 = Release|Any CPU
		{289BF162-2D29-4E1C-8432-F3D5320A60B0}.Debug|Any CPU.ActiveCfg = Debug|Any CPU
		{289BF162-2D29-4E1C-8432-F3D5320A60B0}.Debug|Any CPU.Build.0 = Debug|Any CPU
		{289BF162-2D29-4E1C-8432-F3D5320A60B0}.Debug|x86.ActiveCfg = Debug|Any CPU
		{289BF162-2D29-4E1C-8432-F3D5320A60B0}.Debug|x86.Build.0 = Debug|Any CPU
		{289BF162-2D29-4E1C-8432-F3D5320A60B0}.Release|Any CPU.ActiveCfg = Release|Any CPU
		{289BF162-2D29-4E1C-8432-F3D5320A60B0}.Release|Any CPU.Build.0 = Release|Any CPU
		{289BF162-2D29-4E1C-8432-F3D5320A60B0}.Release|x86.ActiveCfg = Release|Any CPU
		{289BF162-2D29-4E1C-8432-F3D5320A60B0}.Release|x86.Build.0 = Release|Any CPU
		{289BF162-2D29-4E1C-8432-F3D5320A60B0}.x86|Any CPU.ActiveCfg = Release|Any CPU
		{289BF162-2D29-4E1C-8432-F3D5320A60B0}.x86|Any CPU.Build.0 = Release|Any CPU
		{289BF162-2D29-4E1C-8432-F3D5320A60B0}.x86|x86.ActiveCfg = Release|Any CPU
		{289BF162-2D29-4E1C-8432-F3D5320A60B0}.x86|x86.Build.0 = Release|Any CPU
		{29E5BD58-4D09-4731-91FA-F0BE99AA1718}.Debug|Any CPU.ActiveCfg = Debug|Any CPU
		{29E5BD58-4D09-4731-91FA-F0BE99AA1718}.Debug|Any CPU.Build.0 = Debug|Any CPU
		{29E5BD58-4D09-4731-91FA-F0BE99AA1718}.Debug|x86.ActiveCfg = Debug|Any CPU
		{29E5BD58-4D09-4731-91FA-F0BE99AA1718}.Debug|x86.Build.0 = Debug|Any CPU
		{29E5BD58-4D09-4731-91FA-F0BE99AA1718}.Release|Any CPU.ActiveCfg = Release|Any CPU
		{29E5BD58-4D09-4731-91FA-F0BE99AA1718}.Release|Any CPU.Build.0 = Release|Any CPU
		{29E5BD58-4D09-4731-91FA-F0BE99AA1718}.Release|x86.ActiveCfg = Release|Any CPU
		{29E5BD58-4D09-4731-91FA-F0BE99AA1718}.Release|x86.Build.0 = Release|Any CPU
		{29E5BD58-4D09-4731-91FA-F0BE99AA1718}.x86|Any CPU.ActiveCfg = Release|Any CPU
		{29E5BD58-4D09-4731-91FA-F0BE99AA1718}.x86|Any CPU.Build.0 = Release|Any CPU
		{29E5BD58-4D09-4731-91FA-F0BE99AA1718}.x86|x86.ActiveCfg = Release|Any CPU
		{29E5BD58-4D09-4731-91FA-F0BE99AA1718}.x86|x86.Build.0 = Release|Any CPU
		{622AB039-100E-47F4-8E6F-38D664C48624}.Debug|Any CPU.ActiveCfg = Debug|Any CPU
		{622AB039-100E-47F4-8E6F-38D664C48624}.Debug|Any CPU.Build.0 = Debug|Any CPU
		{622AB039-100E-47F4-8E6F-38D664C48624}.Debug|x86.ActiveCfg = Debug|Any CPU
		{622AB039-100E-47F4-8E6F-38D664C48624}.Debug|x86.Build.0 = Debug|Any CPU
		{622AB039-100E-47F4-8E6F-38D664C48624}.Release|Any CPU.ActiveCfg = Release|Any CPU
		{622AB039-100E-47F4-8E6F-38D664C48624}.Release|Any CPU.Build.0 = Release|Any CPU
		{622AB039-100E-47F4-8E6F-38D664C48624}.Release|x86.ActiveCfg = Release|Any CPU
		{622AB039-100E-47F4-8E6F-38D664C48624}.Release|x86.Build.0 = Release|Any CPU
		{622AB039-100E-47F4-8E6F-38D664C48624}.x86|Any CPU.ActiveCfg = Release|Any CPU
		{622AB039-100E-47F4-8E6F-38D664C48624}.x86|Any CPU.Build.0 = Release|Any CPU
		{622AB039-100E-47F4-8E6F-38D664C48624}.x86|x86.ActiveCfg = Release|Any CPU
		{622AB039-100E-47F4-8E6F-38D664C48624}.x86|x86.Build.0 = Release|Any CPU
		{052D350A-C0A3-4096-885E-DA7CE1C10612}.Debug|Any CPU.ActiveCfg = Debug|Any CPU
		{052D350A-C0A3-4096-885E-DA7CE1C10612}.Debug|Any CPU.Build.0 = Debug|Any CPU
		{052D350A-C0A3-4096-885E-DA7CE1C10612}.Debug|x86.ActiveCfg = Debug|Any CPU
		{052D350A-C0A3-4096-885E-DA7CE1C10612}.Debug|x86.Build.0 = Debug|Any CPU
		{052D350A-C0A3-4096-885E-DA7CE1C10612}.Release|Any CPU.ActiveCfg = Release|Any CPU
		{052D350A-C0A3-4096-885E-DA7CE1C10612}.Release|Any CPU.Build.0 = Release|Any CPU
		{052D350A-C0A3-4096-885E-DA7CE1C10612}.Release|x86.ActiveCfg = Release|Any CPU
		{052D350A-C0A3-4096-885E-DA7CE1C10612}.Release|x86.Build.0 = Release|Any CPU
		{052D350A-C0A3-4096-885E-DA7CE1C10612}.x86|Any CPU.ActiveCfg = Release|Any CPU
		{052D350A-C0A3-4096-885E-DA7CE1C10612}.x86|Any CPU.Build.0 = Release|Any CPU
		{052D350A-C0A3-4096-885E-DA7CE1C10612}.x86|x86.ActiveCfg = Release|Any CPU
		{052D350A-C0A3-4096-885E-DA7CE1C10612}.x86|x86.Build.0 = Release|Any CPU
		{22699827-ED78-4E0F-8A99-F52F0A46B679}.Debug|Any CPU.ActiveCfg = Debug|Any CPU
		{22699827-ED78-4E0F-8A99-F52F0A46B679}.Debug|Any CPU.Build.0 = Debug|Any CPU
		{22699827-ED78-4E0F-8A99-F52F0A46B679}.Debug|x86.ActiveCfg = Debug|Any CPU
		{22699827-ED78-4E0F-8A99-F52F0A46B679}.Debug|x86.Build.0 = Debug|Any CPU
		{22699827-ED78-4E0F-8A99-F52F0A46B679}.Release|Any CPU.ActiveCfg = Release|Any CPU
		{22699827-ED78-4E0F-8A99-F52F0A46B679}.Release|Any CPU.Build.0 = Release|Any CPU
		{22699827-ED78-4E0F-8A99-F52F0A46B679}.Release|x86.ActiveCfg = Release|Any CPU
		{22699827-ED78-4E0F-8A99-F52F0A46B679}.Release|x86.Build.0 = Release|Any CPU
		{22699827-ED78-4E0F-8A99-F52F0A46B679}.x86|Any CPU.ActiveCfg = Release|Any CPU
		{22699827-ED78-4E0F-8A99-F52F0A46B679}.x86|Any CPU.Build.0 = Release|Any CPU
		{22699827-ED78-4E0F-8A99-F52F0A46B679}.x86|x86.ActiveCfg = Release|Any CPU
		{22699827-ED78-4E0F-8A99-F52F0A46B679}.x86|x86.Build.0 = Release|Any CPU
		{FAAE53B5-5A53-491E-AF2C-4EA17484028D}.Debug|Any CPU.ActiveCfg = Debug|Any CPU
		{FAAE53B5-5A53-491E-AF2C-4EA17484028D}.Debug|Any CPU.Build.0 = Debug|Any CPU
		{FAAE53B5-5A53-491E-AF2C-4EA17484028D}.Debug|x86.ActiveCfg = Debug|Any CPU
		{FAAE53B5-5A53-491E-AF2C-4EA17484028D}.Debug|x86.Build.0 = Debug|Any CPU
		{FAAE53B5-5A53-491E-AF2C-4EA17484028D}.Release|Any CPU.ActiveCfg = Release|Any CPU
		{FAAE53B5-5A53-491E-AF2C-4EA17484028D}.Release|Any CPU.Build.0 = Release|Any CPU
		{FAAE53B5-5A53-491E-AF2C-4EA17484028D}.Release|x86.ActiveCfg = Release|Any CPU
		{FAAE53B5-5A53-491E-AF2C-4EA17484028D}.Release|x86.Build.0 = Release|Any CPU
		{FAAE53B5-5A53-491E-AF2C-4EA17484028D}.x86|Any CPU.ActiveCfg = Release|Any CPU
		{FAAE53B5-5A53-491E-AF2C-4EA17484028D}.x86|Any CPU.Build.0 = Release|Any CPU
		{FAAE53B5-5A53-491E-AF2C-4EA17484028D}.x86|x86.ActiveCfg = Release|Any CPU
		{FAAE53B5-5A53-491E-AF2C-4EA17484028D}.x86|x86.Build.0 = Release|Any CPU
		{5EC1EE47-4728-48C3-81A7-576D8BC26085}.Debug|Any CPU.ActiveCfg = Debug|Any CPU
		{5EC1EE47-4728-48C3-81A7-576D8BC26085}.Debug|Any CPU.Build.0 = Debug|Any CPU
		{5EC1EE47-4728-48C3-81A7-576D8BC26085}.Debug|x86.ActiveCfg = Debug|Any CPU
		{5EC1EE47-4728-48C3-81A7-576D8BC26085}.Debug|x86.Build.0 = Debug|Any CPU
		{5EC1EE47-4728-48C3-81A7-576D8BC26085}.Release|Any CPU.ActiveCfg = Release|Any CPU
		{5EC1EE47-4728-48C3-81A7-576D8BC26085}.Release|Any CPU.Build.0 = Release|Any CPU
		{5EC1EE47-4728-48C3-81A7-576D8BC26085}.Release|x86.ActiveCfg = Release|Any CPU
		{5EC1EE47-4728-48C3-81A7-576D8BC26085}.Release|x86.Build.0 = Release|Any CPU
		{5EC1EE47-4728-48C3-81A7-576D8BC26085}.x86|Any CPU.ActiveCfg = Release|Any CPU
		{5EC1EE47-4728-48C3-81A7-576D8BC26085}.x86|Any CPU.Build.0 = Release|Any CPU
		{5EC1EE47-4728-48C3-81A7-576D8BC26085}.x86|x86.ActiveCfg = Release|Any CPU
		{5EC1EE47-4728-48C3-81A7-576D8BC26085}.x86|x86.Build.0 = Release|Any CPU
		{207E2604-0A98-4C16-AB10-588475E51082}.Debug|Any CPU.ActiveCfg = Debug|Any CPU
		{207E2604-0A98-4C16-AB10-588475E51082}.Debug|Any CPU.Build.0 = Debug|Any CPU
		{207E2604-0A98-4C16-AB10-588475E51082}.Debug|x86.ActiveCfg = Debug|Any CPU
		{207E2604-0A98-4C16-AB10-588475E51082}.Debug|x86.Build.0 = Debug|Any CPU
		{207E2604-0A98-4C16-AB10-588475E51082}.Release|Any CPU.ActiveCfg = Release|Any CPU
		{207E2604-0A98-4C16-AB10-588475E51082}.Release|Any CPU.Build.0 = Release|Any CPU
		{207E2604-0A98-4C16-AB10-588475E51082}.Release|x86.ActiveCfg = Release|Any CPU
		{207E2604-0A98-4C16-AB10-588475E51082}.Release|x86.Build.0 = Release|Any CPU
		{207E2604-0A98-4C16-AB10-588475E51082}.x86|Any CPU.ActiveCfg = Release|Any CPU
		{207E2604-0A98-4C16-AB10-588475E51082}.x86|Any CPU.Build.0 = Release|Any CPU
		{207E2604-0A98-4C16-AB10-588475E51082}.x86|x86.ActiveCfg = Release|Any CPU
		{207E2604-0A98-4C16-AB10-588475E51082}.x86|x86.Build.0 = Release|Any CPU
		{7902F648-2FA9-407A-8411-A7CC7A8711D7}.Debug|Any CPU.ActiveCfg = Debug|Any CPU
		{7902F648-2FA9-407A-8411-A7CC7A8711D7}.Debug|Any CPU.Build.0 = Debug|Any CPU
		{7902F648-2FA9-407A-8411-A7CC7A8711D7}.Debug|x86.ActiveCfg = Debug|Any CPU
		{7902F648-2FA9-407A-8411-A7CC7A8711D7}.Debug|x86.Build.0 = Debug|Any CPU
		{7902F648-2FA9-407A-8411-A7CC7A8711D7}.Release|Any CPU.ActiveCfg = Release|Any CPU
		{7902F648-2FA9-407A-8411-A7CC7A8711D7}.Release|Any CPU.Build.0 = Release|Any CPU
		{7902F648-2FA9-407A-8411-A7CC7A8711D7}.Release|x86.ActiveCfg = Release|Any CPU
		{7902F648-2FA9-407A-8411-A7CC7A8711D7}.Release|x86.Build.0 = Release|Any CPU
		{7902F648-2FA9-407A-8411-A7CC7A8711D7}.x86|Any CPU.ActiveCfg = Release|Any CPU
		{7902F648-2FA9-407A-8411-A7CC7A8711D7}.x86|Any CPU.Build.0 = Release|Any CPU
		{7902F648-2FA9-407A-8411-A7CC7A8711D7}.x86|x86.ActiveCfg = Release|Any CPU
		{7902F648-2FA9-407A-8411-A7CC7A8711D7}.x86|x86.Build.0 = Release|Any CPU
	EndGlobalSection
	GlobalSection(SolutionProperties) = preSolution
		HideSolutionNode = FALSE
	EndGlobalSection
	GlobalSection(NestedProjects) = preSolution
		{35647C2E-C6BF-4C43-B8F2-CEA1338D0978} = {C52D7FE9-BA16-4A92-AC83-D89EF9D07A6A}
		{8FE38A7D-6A58-4613-9CF1-AC93CC0E1B04} = {2AF02C0B-3DE1-4EEF-B443-6AF4EDF17B29}
		{95EBAEF6-50EE-42AB-8398-2176EDDC6431} = {795FB329-39B7-404E-BEFE-988DBE3249E4}
		{91297B28-F63E-4809-9567-D8CEA4DB6C26} = {D134BD3D-8420-4143-89CE-9917A05B7809}
		{7E6CBB71-A3C8-4218-9A9D-CF791E29FD9F} = {2AF02C0B-3DE1-4EEF-B443-6AF4EDF17B29}
		{DE219F49-E77E-40A4-B371-34BEA388E68D} = {795FB329-39B7-404E-BEFE-988DBE3249E4}
		{10C0F173-584C-4899-A22B-7D1DF28F1915} = {2AF02C0B-3DE1-4EEF-B443-6AF4EDF17B29}
		{E5EF20F8-D3A9-48E7-9359-1E1299713941} = {2AF02C0B-3DE1-4EEF-B443-6AF4EDF17B29}
		{289BF162-2D29-4E1C-8432-F3D5320A60B0} = {D134BD3D-8420-4143-89CE-9917A05B7809}
		{29E5BD58-4D09-4731-91FA-F0BE99AA1718} = {D2AF6F1B-C307-40B9-AEED-DF54D4EA9D15}
		{622AB039-100E-47F4-8E6F-38D664C48624} = {95D176B5-05B3-401F-899F-8FB204FD2A8C}
		{052D350A-C0A3-4096-885E-DA7CE1C10612} = {5FB70D89-26F4-4567-9FC2-4FAFA60DC9F2}
		{22699827-ED78-4E0F-8A99-F52F0A46B679} = {D2AF6F1B-C307-40B9-AEED-DF54D4EA9D15}
		{FAAE53B5-5A53-491E-AF2C-4EA17484028D} = {D134BD3D-8420-4143-89CE-9917A05B7809}
		{5EC1EE47-4728-48C3-81A7-576D8BC26085} = {5FB70D89-26F4-4567-9FC2-4FAFA60DC9F2}
		{207E2604-0A98-4C16-AB10-588475E51082} = {2AF02C0B-3DE1-4EEF-B443-6AF4EDF17B29}
		{7902F648-2FA9-407A-8411-A7CC7A8711D7} = {D134BD3D-8420-4143-89CE-9917A05B7809}
	EndGlobalSection
	GlobalSection(ExtensibilityGlobals) = postSolution
		SolutionGuid = {3E913019-5B5E-4C6F-BEE3-28AB690C8516}
	EndGlobalSection
EndGlobal
